
Microsoft Visual Studio Solution File, Format Version 12.00
# Visual Studio Version 16
VisualStudioVersion = 16.0.29519.87
MinimumVisualStudioVersion = 10.0.40219.1
Project("{FAE04EC0-301F-11D3-BF4B-00C04F79EFBC}") = "DefibrillatorBase", "DefibrillatorBase\DefibrillatorBase.csproj", "{740F5FDE-A91C-4F8B-A978-0FCD9FDC802D}"
	ProjectSection(ProjectDependencies) = postProject
		{FF10482C-3820-41E0-B535-4BE3541135B0} = {FF10482C-3820-41E0-B535-4BE3541135B0}
		{9E34E16F-DA3C-44F0-A4FC-C1DD21FE1D7E} = {9E34E16F-DA3C-44F0-A4FC-C1DD21FE1D7E}
		{47A734A2-B55D-4236-87AE-B312033FFEA6} = {47A734A2-B55D-4236-87AE-B312033FFEA6}
	EndProjectSection
EndProject
Project("{FAE04EC0-301F-11D3-BF4B-00C04F79EFBC}") = "Core", "Core\Core.csproj", "{FF10482C-3820-41E0-B535-4BE3541135B0}"
EndProject
Project("{FAE04EC0-301F-11D3-BF4B-00C04F79EFBC}") = "Mashine", "Mashine\Mashine.csproj", "{9E34E16F-DA3C-44F0-A4FC-C1DD21FE1D7E}"
EndProject
Project("{FAE04EC0-301F-11D3-BF4B-00C04F79EFBC}") = "FirebaseCore", "FirebaseCore\FirebaseCore.csproj", "{47A734A2-B55D-4236-87AE-B312033FFEA6}"
EndProject
Global
	GlobalSection(SolutionConfigurationPlatforms) = preSolution
		Debug|Any CPU = Debug|Any CPU
		Release|Any CPU = Release|Any CPU
	EndGlobalSection
	GlobalSection(ProjectConfigurationPlatforms) = postSolution
		{740F5FDE-A91C-4F8B-A978-0FCD9FDC802D}.Debug|Any CPU.ActiveCfg = Debug|Any CPU
		{740F5FDE-A91C-4F8B-A978-0FCD9FDC802D}.Debug|Any CPU.Build.0 = Debug|Any CPU
		{740F5FDE-A91C-4F8B-A978-0FCD9FDC802D}.Release|Any CPU.ActiveCfg = Release|Any CPU
		{740F5FDE-A91C-4F8B-A978-0FCD9FDC802D}.Release|Any CPU.Build.0 = Release|Any CPU
		{FF10482C-3820-41E0-B535-4BE3541135B0}.Debug|Any CPU.ActiveCfg = Debug|Any CPU
		{FF10482C-3820-41E0-B535-4BE3541135B0}.Debug|Any CPU.Build.0 = Debug|Any CPU
		{FF10482C-3820-41E0-B535-4BE3541135B0}.Release|Any CPU.ActiveCfg = Release|Any CPU
		{FF10482C-3820-41E0-B535-4BE3541135B0}.Release|Any CPU.Build.0 = Release|Any CPU
		{9E34E16F-DA3C-44F0-A4FC-C1DD21FE1D7E}.Debug|Any CPU.ActiveCfg = Debug|Any CPU
		{9E34E16F-DA3C-44F0-A4FC-C1DD21FE1D7E}.Debug|Any CPU.Build.0 = Debug|Any CPU
		{9E34E16F-DA3C-44F0-A4FC-C1DD21FE1D7E}.Release|Any CPU.ActiveCfg = Release|Any CPU
		{9E34E16F-DA3C-44F0-A4FC-C1DD21FE1D7E}.Release|Any CPU.Build.0 = Release|Any CPU
		{47A734A2-B55D-4236-87AE-B312033FFEA6}.Debug|Any CPU.ActiveCfg = Debug|Any CPU
		{47A734A2-B55D-4236-87AE-B312033FFEA6}.Debug|Any CPU.Build.0 = Debug|Any CPU
		{47A734A2-B55D-4236-87AE-B312033FFEA6}.Release|Any CPU.ActiveCfg = Release|Any CPU
		{47A734A2-B55D-4236-87AE-B312033FFEA6}.Release|Any CPU.Build.0 = Release|Any CPU
	EndGlobalSection
	GlobalSection(SolutionProperties) = preSolution
		HideSolutionNode = FALSE
	EndGlobalSection
	GlobalSection(ExtensibilityGlobals) = postSolution
		SolutionGuid = {F7675CA3-BE3C-490E-AB9D-68BBFD02481E}
	EndGlobalSection
EndGlobal
